
Microsoft Visual Studio Solution File, Format Version 12.00
# Visual Studio Version 16
VisualStudioVersion = 16.0.29001.49
MinimumVisualStudioVersion = 10.0.40219.1
Project("{FAE04EC0-301F-11D3-BF4B-00C04F79EFBC}") = "SharpDTI", "SharpDTI\SharpDTI.csproj", "{AE67CFEB-B113-460F-AFB5-524D23698C58}"
EndProject
Global
	GlobalSection(SolutionConfigurationPlatforms) = preSolution
		Debug|Any CPU = Debug|Any CPU
		Release|Any CPU = Release|Any CPU
	EndGlobalSection
	GlobalSection(ProjectConfigurationPlatforms) = postSolution
		{AE67CFEB-B113-460F-AFB5-524D23698C58}.Debug|Any CPU.ActiveCfg = Debug|Any CPU
		{AE67CFEB-B113-460F-AFB5-524D23698C58}.Debug|Any CPU.Build.0 = Debug|Any CPU
		{AE67CFEB-B113-460F-AFB5-524D23698C58}.Release|Any CPU.ActiveCfg = Release|Any CPU
		{AE67CFEB-B113-460F-AFB5-524D23698C58}.Release|Any CPU.Build.0 = Release|Any CPU
	EndGlobalSection
	GlobalSection(SolutionProperties) = preSolution
		HideSolutionNode = FALSE
	EndGlobalSection
	GlobalSection(ExtensibilityGlobals) = postSolution
		SolutionGuid = {C982E234-38C5-449E-B8E2-DC2294362007}
	EndGlobalSection
EndGlobal
